{
  "name": "todo-app-monorepo",
  "lockfileVersion": 3,
  "requires": true,
  "packages": {
    "": {
      "dependencies": {
        "turbo": "^1.10.16"
      },
      "devDependencies": {
        "@turbo/core": "^0.2.3"
      }
    },
    "node_modules/@babel/runtime": {
      "version": "7.23.2",
      "resolved": "https://registry.npmjs.org/@babel/runtime/-/runtime-7.23.2.tgz",
      "integrity": "sha512-mM8eg4yl5D6i3lu2QKPuPH4FArvJ8KhTofbE7jwMUv9KX5mBvwPAqnV3MlyBNqdp9RyRKP6Yck8TrfYrPvX3bg==",
      "dev": true,
      "dependencies": {
        "regenerator-runtime": "^0.14.0"
      },
      "engines": {
        "node": ">=6.9.0"
      }
    },
    "node_modules/@redux-saga/core": {
      "version": "1.2.3",
      "resolved": "https://registry.npmjs.org/@redux-saga/core/-/core-1.2.3.tgz",
      "integrity": "sha512-U1JO6ncFBAklFTwoQ3mjAeQZ6QGutsJzwNBjgVLSWDpZTRhobUzuVDS1qH3SKGJD8fvqoaYOjp6XJ3gCmeZWgA==",
      "dev": true,
      "dependencies": {
        "@babel/runtime": "^7.6.3",
        "@redux-saga/deferred": "^1.2.1",
        "@redux-saga/delay-p": "^1.2.1",
        "@redux-saga/is": "^1.1.3",
        "@redux-saga/symbols": "^1.1.3",
        "@redux-saga/types": "^1.2.1",
        "redux": "^4.0.4",
        "typescript-tuple": "^2.2.1"
      },
      "funding": {
        "type": "opencollective",
        "url": "https://opencollective.com/redux-saga"
      }
    },
    "node_modules/@redux-saga/deferred": {
      "version": "1.2.1",
      "resolved": "https://registry.npmjs.org/@redux-saga/deferred/-/deferred-1.2.1.tgz",
      "integrity": "sha512-cmin3IuuzMdfQjA0lG4B+jX+9HdTgHZZ+6u3jRAOwGUxy77GSlTi4Qp2d6PM1PUoTmQUR5aijlA39scWWPF31g==",
      "dev": true
    },
    "node_modules/@redux-saga/delay-p": {
      "version": "1.2.1",
      "resolved": "https://registry.npmjs.org/@redux-saga/delay-p/-/delay-p-1.2.1.tgz",
      "integrity": "sha512-MdiDxZdvb1m+Y0s4/hgdcAXntpUytr9g0hpcOO1XFVyyzkrDu3SKPgBFOtHn7lhu7n24ZKIAT1qtKyQjHqRd+w==",
      "dev": true,
      "dependencies": {
        "@redux-saga/symbols": "^1.1.3"
      }
    },
    "node_modules/@redux-saga/is": {
      "version": "1.1.3",
      "resolved": "https://registry.npmjs.org/@redux-saga/is/-/is-1.1.3.tgz",
      "integrity": "sha512-naXrkETG1jLRfVfhOx/ZdLj0EyAzHYbgJWkXbB3qFliPcHKiWbv/ULQryOAEKyjrhiclmr6AMdgsXFyx7/yE6Q==",
      "dev": true,
      "dependencies": {
        "@redux-saga/symbols": "^1.1.3",
        "@redux-saga/types": "^1.2.1"
      }
    },
    "node_modules/@redux-saga/symbols": {
      "version": "1.1.3",
      "resolved": "https://registry.npmjs.org/@redux-saga/symbols/-/symbols-1.1.3.tgz",
      "integrity": "sha512-hCx6ZvU4QAEUojETnX8EVg4ubNLBFl1Lps4j2tX7o45x/2qg37m3c6v+kSp8xjDJY+2tJw4QB3j8o8dsl1FDXg==",
      "dev": true
    },
    "node_modules/@redux-saga/types": {
      "version": "1.2.1",
      "resolved": "https://registry.npmjs.org/@redux-saga/types/-/types-1.2.1.tgz",
      "integrity": "sha512-1dgmkh+3so0+LlBWRhGA33ua4MYr7tUOj+a9Si28vUi0IUFNbff1T3sgpeDJI/LaC75bBYnQ0A3wXjn0OrRNBA==",
      "dev": true
    },
    "node_modules/@turbo/core": {
      "version": "0.2.3",
      "resolved": "https://registry.npmjs.org/@turbo/core/-/core-0.2.3.tgz",
      "integrity": "sha512-mEGGpittjNhH/QY2YqlFD+S5tjXaCYgO14l8BPEyxvVBueMsbj7b16jZC3GERSZJNYXUwz9spDMzxaJ6FctkbQ==",
      "deprecated": "this package has been deprecated",
      "dev": true,
      "dependencies": {
        "@types/redux": "^3.6.0",
        "@types/redux-saga": "^0.10.5",
        "@types/uuid": "^3.4.6",
        "chalk": "^3.0.0",
        "chrome-remote-interface": "^0.28.1",
        "devtools-protocol": "^0.0.724935",
        "redux": "^4.0.5",
        "redux-saga": "^1.1.3",
        "uuid": "^3.3.3"
      }
    },
    "node_modules/@turbo/core/node_modules/chalk": {
      "version": "3.0.0",
      "resolved": "https://registry.npmjs.org/chalk/-/chalk-3.0.0.tgz",
      "integrity": "sha512-4D3B6Wf41KOYRFdszmDqMCGq5VV/uMAB273JILmO+3jAlh8X4qDtdtgCR3fxtbLEMzSx22QdhnDcJvu2u1fVwg==",
      "dev": true,
      "dependencies": {
        "ansi-styles": "^4.1.0",
        "supports-color": "^7.1.0"
      },
      "engines": {
        "node": ">=8"
      }
    },
    "node_modules/@turbo/core/node_modules/uuid": {
      "version": "3.4.0",
      "resolved": "https://registry.npmjs.org/uuid/-/uuid-3.4.0.tgz",
      "integrity": "sha512-HjSDRw6gZE5JMggctHBcjVak08+KEVhSIiDzFnT9S9aegmp85S/bReBVTb4QTFaRNptJ9kuYaNhnbNEOkbKb/A==",
      "deprecated": "Please upgrade  to version 7 or higher.  Older versions may use Math.random() in certain circumstances, which is known to be problematic.  See https://v8.dev/blog/math-random for details.",
      "dev": true,
      "bin": {
        "uuid": "bin/uuid"
      }
    },
    "node_modules/@types/redux": {
      "version": "3.6.0",
      "resolved": "https://registry.npmjs.org/@types/redux/-/redux-3.6.0.tgz",
      "integrity": "sha512-ic+60DXHW5seNyqFvfr7Sk5cnXs+HsF9tIeIaxjOuSP5kzgDXC+AzKTYmjAfuLx4Sccm/0vjwBQj3OOkUkwOqg==",
      "deprecated": "This is a stub types definition for Redux (https://github.com/reactjs/redux). Redux provides its own type definitions, so you don't need @types/redux installed!",
      "dev": true,
      "dependencies": {
        "redux": "*"
      }
    },
    "node_modules/@types/redux-saga": {
      "version": "0.10.5",
      "resolved": "https://registry.npmjs.org/@types/redux-saga/-/redux-saga-0.10.5.tgz",
      "integrity": "sha512-sqan7rs+PylBB5u2reL1hm+f0pDsZY1D1/o1vtgjrS4ErjxthK59zKCQyZhSLRcQDiOh3Pwp4fNQyn4A0CTdGA==",
      "deprecated": "This is a stub types definition for redux-saga (https://github.com/redux-saga/redux-saga). redux-saga provides its own type definitions, so you don't need @types/redux-saga installed!",
      "dev": true,
      "dependencies": {
        "redux-saga": "*"
      }
    },
    "node_modules/@types/uuid": {
      "version": "3.4.12",
      "resolved": "https://registry.npmjs.org/@types/uuid/-/uuid-3.4.12.tgz",
      "integrity": "sha512-4mZWvs9415R6KNlPUZaMDgpnNpFZrO7yZoFfVc6phuOpnUlU06KGu4+83e857jfWkYBMNVZF/1HDoG/aEbePow==",
      "dev": true
    },
    "node_modules/ansi-styles": {
      "version": "4.3.0",
      "resolved": "https://registry.npmjs.org/ansi-styles/-/ansi-styles-4.3.0.tgz",
      "integrity": "sha512-zbB9rCJAT1rbjiVDb2hqKFHNYLxgtk8NURxZ3IZwD3F6NtxbXZQCnnSi1Lkx+IDohdPlFp222wVALIheZJQSEg==",
      "dev": true,
      "dependencies": {
        "color-convert": "^2.0.1"
      },
      "engines": {
        "node": ">=8"
      },
      "funding": {
        "url": "https://github.com/chalk/ansi-styles?sponsor=1"
      }
    },
    "node_modules/chrome-remote-interface": {
      "version": "0.28.2",
      "resolved": "https://registry.npmjs.org/chrome-remote-interface/-/chrome-remote-interface-0.28.2.tgz",
      "integrity": "sha512-F7mjof7rWvRNsJqhVXuiFU/HWySCxTA9tzpLxUJxVfdLkljwFJ1aMp08AnwXRmmP7r12/doTDOMwaNhFCJsacw==",
      "dev": true,
      "dependencies": {
        "commander": "2.11.x",
        "ws": "^7.2.0"
      },
      "bin": {
        "chrome-remote-interface": "bin/client.js"
      }
    },
    "node_modules/color-convert": {
      "version": "2.0.1",
      "resolved": "https://registry.npmjs.org/color-convert/-/color-convert-2.0.1.tgz",
      "integrity": "sha512-RRECPsj7iu/xb5oKYcsFHSppFNnsj/52OVTRKb4zP5onXwVF3zVmmToNcOfGC+CRDpfK/U584fMg38ZHCaElKQ==",
      "dev": true,
      "dependencies": {
        "color-name": "~1.1.4"
      },
      "engines": {
        "node": ">=7.0.0"
      }
    },
    "node_modules/color-name": {
      "version": "1.1.4",
      "resolved": "https://registry.npmjs.org/color-name/-/color-name-1.1.4.tgz",
      "integrity": "sha512-dOy+3AuW3a2wNbZHIuMZpTcgjGuLU/uBL/ubcZF9OXbDo8ff4O8yVp5Bf0efS8uEoYo5q4Fx7dY9OgQGXgAsQA==",
      "dev": true
    },
    "node_modules/commander": {
      "version": "2.11.0",
      "resolved": "https://registry.npmjs.org/commander/-/commander-2.11.0.tgz",
      "integrity": "sha512-b0553uYA5YAEGgyYIGYROzKQ7X5RAqedkfjiZxwi0kL1g3bOaBNNZfYkzt/CL0umgD5wc9Jec2FbB98CjkMRvQ==",
      "dev": true
    },
    "node_modules/devtools-protocol": {
      "version": "0.0.724935",
      "resolved": "https://registry.npmjs.org/devtools-protocol/-/devtools-protocol-0.0.724935.tgz",
      "integrity": "sha512-oDFro6yLSK7dFSr3ZhK5DSPt35V7CNYx5tkPjkDvM+X557vzorVxFHxyPEZyLgYURM7hSad0H4/ctv0yTtUdiA==",
      "dev": true
    },
    "node_modules/has-flag": {
      "version": "4.0.0",
      "resolved": "https://registry.npmjs.org/has-flag/-/has-flag-4.0.0.tgz",
      "integrity": "sha512-EykJT/Q1KjTWctppgIAgfSO0tKVuZUjhgMr17kqTumMl6Afv3EISleU7qZUzoXDFTAHTDC4NOoG/ZxU3EvlMPQ==",
      "dev": true,
      "engines": {
        "node": ">=8"
      }
    },
    "node_modules/redux": {
      "version": "4.2.1",
      "resolved": "https://registry.npmjs.org/redux/-/redux-4.2.1.tgz",
      "integrity": "sha512-LAUYz4lc+Do8/g7aeRa8JkyDErK6ekstQaqWQrNRW//MY1TvCEpMtpTWvlQ+FPbWCx+Xixu/6SHt5N0HR+SB4w==",
      "dev": true,
      "dependencies": {
        "@babel/runtime": "^7.9.2"
      }
    },
    "node_modules/redux-saga": {
      "version": "1.2.3",
      "resolved": "https://registry.npmjs.org/redux-saga/-/redux-saga-1.2.3.tgz",
      "integrity": "sha512-HDe0wTR5nhd8Xr5xjGzoyTbdAw6rjy1GDplFt3JKtKN8/MnkQSRqK/n6aQQhpw5NI4ekDVOaW+w4sdxPBaCoTQ==",
      "dev": true,
      "dependencies": {
        "@redux-saga/core": "^1.2.3"
      }
    },
    "node_modules/regenerator-runtime": {
      "version": "0.14.0",
      "resolved": "https://registry.npmjs.org/regenerator-runtime/-/regenerator-runtime-0.14.0.tgz",
      "integrity": "sha512-srw17NI0TUWHuGa5CFGGmhfNIeja30WMBfbslPNhf6JrqQlLN5gcrvig1oqPxiVaXb0oW0XRKtH6Nngs5lKCIA==",
      "dev": true
    },
    "node_modules/supports-color": {
      "version": "7.2.0",
      "resolved": "https://registry.npmjs.org/supports-color/-/supports-color-7.2.0.tgz",
      "integrity": "sha512-qpCAvRl9stuOHveKsn7HncJRvv501qIacKzQlO/+Lwxc9+0q2wLyv4Dfvt80/DPn2pqOBsJdDiogXGR9+OvwRw==",
      "dev": true,
      "dependencies": {
        "has-flag": "^4.0.0"
      },
      "engines": {
        "node": ">=8"
      }
    },
    "node_modules/turbo": {
      "version": "1.10.16",
      "resolved": "https://registry.npmjs.org/turbo/-/turbo-1.10.16.tgz",
      "integrity": "sha512-2CEaK4FIuSZiP83iFa9GqMTQhroW2QryckVqUydmg4tx78baftTOS0O+oDAhvo9r9Nit4xUEtC1RAHoqs6ZEtg==",
      "bin": {
        "turbo": "bin/turbo"
      },
      "optionalDependencies": {
        "turbo-darwin-64": "1.10.16",
        "turbo-darwin-arm64": "1.10.16",
        "turbo-linux-64": "1.10.16",
        "turbo-linux-arm64": "1.10.16",
        "turbo-windows-64": "1.10.16",
        "turbo-windows-arm64": "1.10.16"
      }
    },
    "node_modules/turbo-darwin-64": {
      "version": "1.10.16",
      "resolved": "https://registry.npmjs.org/turbo-darwin-64/-/turbo-darwin-64-1.10.16.tgz",
      "integrity": "sha512-+Jk91FNcp9e9NCLYlvDDlp2HwEDp14F9N42IoW3dmHI5ZkGSXzalbhVcrx3DOox3QfiNUHxzWg4d7CnVNCuuMg==",
      "cpu": [
        "x64"
      ],
      "optional": true,
      "os": [
        "darwin"
      ]
    },
    "node_modules/turbo-darwin-arm64": {
      "version": "1.10.16",
      "resolved": "https://registry.npmjs.org/turbo-darwin-arm64/-/turbo-darwin-arm64-1.10.16.tgz",
      "integrity": "sha512-jqGpFZipIivkRp/i+jnL8npX0VssE6IAVNKtu573LXtssZdV/S+fRGYA16tI46xJGxSAivrZ/IcgZrV6Jk80bw==",
      "cpu": [
        "arm64"
      ],
      "optional": true,
      "os": [
        "darwin"
      ]
    },
    "node_modules/turbo-linux-64": {
      "version": "1.10.16",
      "resolved": "https://registry.npmjs.org/turbo-linux-64/-/turbo-linux-64-1.10.16.tgz",
      "integrity": "sha512-PpqEZHwLoizQ6sTUvmImcRmACyRk9EWLXGlqceogPZsJ1jTRK3sfcF9fC2W56zkSIzuLEP07k5kl+ZxJd8JMcg==",
      "cpu": [
        "x64"
      ],
      "optional": true,
      "os": [
        "linux"
      ]
    },
    "node_modules/turbo-linux-arm64": {
      "version": "1.10.16",
      "resolved": "https://registry.npmjs.org/turbo-linux-arm64/-/turbo-linux-arm64-1.10.16.tgz",
      "integrity": "sha512-TMjFYz8to1QE0fKVXCIvG/4giyfnmqcQIwjdNfJvKjBxn22PpbjeuFuQ5kNXshUTRaTJihFbuuCcb5OYFNx4uw==",
      "cpu": [
        "arm64"
      ],
      "optional": true,
      "os": [
        "linux"
      ]
    },
    "node_modules/turbo-windows-64": {
      "version": "1.10.16",
      "resolved": "https://registry.npmjs.org/turbo-windows-64/-/turbo-windows-64-1.10.16.tgz",
      "integrity": "sha512-+jsf68krs0N66FfC4/zZvioUap/Tq3sPFumnMV+EBo8jFdqs4yehd6+MxIwYTjSQLIcpH8KoNMB0gQYhJRLZzw==",
      "cpu": [
        "x64"
      ],
      "optional": true,
      "os": [
        "win32"
      ]
    },
    "node_modules/turbo-windows-arm64": {
      "version": "1.10.16",
      "resolved": "https://registry.npmjs.org/turbo-windows-arm64/-/turbo-windows-arm64-1.10.16.tgz",
      "integrity": "sha512-sKm3hcMM1bl0B3PLG4ifidicOGfoJmOEacM5JtgBkYM48ncMHjkHfFY7HrJHZHUnXM4l05RQTpLFoOl/uIo2HQ==",
      "cpu": [
        "arm64"
      ],
      "optional": true,
      "os": [
        "win32"
      ]
    },
    "node_modules/typescript-compare": {
      "version": "0.0.2",
      "resolved": "https://registry.npmjs.org/typescript-compare/-/typescript-compare-0.0.2.tgz",
      "integrity": "sha512-8ja4j7pMHkfLJQO2/8tut7ub+J3Lw2S3061eJLFQcvs3tsmJKp8KG5NtpLn7KcY2w08edF74BSVN7qJS0U6oHA==",
      "dev": true,
      "dependencies": {
        "typescript-logic": "^0.0.0"
      }
    },
    "node_modules/typescript-logic": {
      "version": "0.0.0",
      "resolved": "https://registry.npmjs.org/typescript-logic/-/typescript-logic-0.0.0.tgz",
      "integrity": "sha512-zXFars5LUkI3zP492ls0VskH3TtdeHCqu0i7/duGt60i5IGPIpAHE/DWo5FqJ6EjQ15YKXrt+AETjv60Dat34Q==",
      "dev": true
    },
    "node_modules/typescript-tuple": {
      "version": "2.2.1",
      "resolved": "https://registry.npmjs.org/typescript-tuple/-/typescript-tuple-2.2.1.tgz",
      "integrity": "sha512-Zcr0lbt8z5ZdEzERHAMAniTiIKerFCMgd7yjq1fPnDJ43et/k9twIFQMUYff9k5oXcsQ0WpvFcgzK2ZKASoW6Q==",
      "dev": true,
      "dependencies": {
        "typescript-compare": "^0.0.2"
      }
    },
    "node_modules/ws": {
      "version": "7.5.9",
      "resolved": "https://registry.npmjs.org/ws/-/ws-7.5.9.tgz",
      "integrity": "sha512-F+P9Jil7UiSKSkppIiD94dN07AwvFixvLIj1Og1Rl9GGMuNipJnV9JzjD6XuqmAeiswGvUmNLjr5cFuXwNS77Q==",
      "dev": true,
      "engines": {
        "node": ">=8.3.0"
      },
      "peerDependencies": {
        "bufferutil": "^4.0.1",
        "utf-8-validate": "^5.0.2"
      },
      "peerDependenciesMeta": {
        "bufferutil": {
          "optional": true
        },
        "utf-8-validate": {
          "optional": true
        }
      }
    }
  }
}
